
Microsoft Visual Studio Solution File, Format Version 12.00
Project("{FAE04EC0-301F-11D3-BF4B-00C04F79EFBC}") = "Products", "Products\Products.csproj", "{B42EBB47-2B5D-4CFA-9E03-79966BD7F425}"
EndProject
Project("{FAE04EC0-301F-11D3-BF4B-00C04F79EFBC}") = "Infrastructure", "Infrastructure\Infrastructure.csproj", "{E22E8C25-44BA-4869-8DC3-38DF60040A98}"
EndProject
Project("{FAE04EC0-301F-11D3-BF4B-00C04F79EFBC}") = "Data", "Data\Data.csproj", "{C0DC2B8A-A6FE-47A0-BD10-601DC02EEACD}"
EndProject
Global
	GlobalSection(SolutionConfigurationPlatforms) = preSolution
		Debug|Any CPU = Debug|Any CPU
		Release|Any CPU = Release|Any CPU
	EndGlobalSection
	GlobalSection(ProjectConfigurationPlatforms) = postSolution
		{B42EBB47-2B5D-4CFA-9E03-79966BD7F425}.Debug|Any CPU.ActiveCfg = Debug|Any CPU
		{B42EBB47-2B5D-4CFA-9E03-79966BD7F425}.Debug|Any CPU.Build.0 = Debug|Any CPU
		{B42EBB47-2B5D-4CFA-9E03-79966BD7F425}.Release|Any CPU.ActiveCfg = Release|Any CPU
		{B42EBB47-2B5D-4CFA-9E03-79966BD7F425}.Release|Any CPU.Build.0 = Release|Any CPU
		{E22E8C25-44BA-4869-8DC3-38DF60040A98}.Debug|Any CPU.ActiveCfg = Debug|Any CPU
		{E22E8C25-44BA-4869-8DC3-38DF60040A98}.Debug|Any CPU.Build.0 = Debug|Any CPU
		{E22E8C25-44BA-4869-8DC3-38DF60040A98}.Release|Any CPU.ActiveCfg = Release|Any CPU
		{E22E8C25-44BA-4869-8DC3-38DF60040A98}.Release|Any CPU.Build.0 = Release|Any CPU
		{C0DC2B8A-A6FE-47A0-BD10-601DC02EEACD}.Debug|Any CPU.ActiveCfg = Debug|Any CPU
		{C0DC2B8A-A6FE-47A0-BD10-601DC02EEACD}.Debug|Any CPU.Build.0 = Debug|Any CPU
		{C0DC2B8A-A6FE-47A0-BD10-601DC02EEACD}.Release|Any CPU.ActiveCfg = Release|Any CPU
		{C0DC2B8A-A6FE-47A0-BD10-601DC02EEACD}.Release|Any CPU.Build.0 = Release|Any CPU
	EndGlobalSection
EndGlobal
